
Microsoft Visual Studio Solution File, Format Version 12.00
# Visual Studio Version 16
VisualStudioVersion = 16.0.810.11
MinimumVisualStudioVersion = 10.0.40219.1
Project("{FAE04EC0-301F-11D3-BF4B-00C04F79EFBC}") = "Demo.Core", "Demo.Core\Demo.Core.csproj", "{7E9DE69D-A6C7-4EC5-8931-65E9DCF3CD8F}"
EndProject
Project("{FAE04EC0-301F-11D3-BF4B-00C04F79EFBC}") = "Demo.Api", "Demo.Api\Demo.Api.csproj", "{21187188-79B7-4DC0-BC76-488AF0580D6A}"
EndProject
Global
	GlobalSection(SolutionConfigurationPlatforms) = preSolution
		Debug|Any CPU = Debug|Any CPU
		Release|Any CPU = Release|Any CPU
	EndGlobalSection
	GlobalSection(ProjectConfigurationPlatforms) = postSolution
		{7E9DE69D-A6C7-4EC5-8931-65E9DCF3CD8F}.Debug|Any CPU.ActiveCfg = Debug|Any CPU
		{7E9DE69D-A6C7-4EC5-8931-65E9DCF3CD8F}.Debug|Any CPU.Build.0 = Debug|Any CPU
		{7E9DE69D-A6C7-4EC5-8931-65E9DCF3CD8F}.Release|Any CPU.ActiveCfg = Release|Any CPU
		{7E9DE69D-A6C7-4EC5-8931-65E9DCF3CD8F}.Release|Any CPU.Build.0 = Release|Any CPU
		{21187188-79B7-4DC0-BC76-488AF0580D6A}.Debug|Any CPU.ActiveCfg = Debug|Any CPU
		{21187188-79B7-4DC0-BC76-488AF0580D6A}.Debug|Any CPU.Build.0 = Debug|Any CPU
		{21187188-79B7-4DC0-BC76-488AF0580D6A}.Release|Any CPU.ActiveCfg = Release|Any CPU
		{21187188-79B7-4DC0-BC76-488AF0580D6A}.Release|Any CPU.Build.0 = Release|Any CPU
	EndGlobalSection
	GlobalSection(SolutionProperties) = preSolution
		HideSolutionNode = FALSE
	EndGlobalSection
	GlobalSection(ExtensibilityGlobals) = postSolution
		SolutionGuid = {1F651508-6B9A-4380-9D07-6740E832A908}
	EndGlobalSection
EndGlobal
